{
  "name": "defi-vn-smart-contract",
  "version": "1.0.0",
  "lockfileVersion": 1,
  "requires": true,
  "dependencies": {
    "@openzeppelin/contracts": {
      "version": "3.2.1-solc-0.7",
      "resolved": "https://registry.npmjs.org/@openzeppelin/contracts/-/contracts-3.2.1-solc-0.7.tgz",
      "integrity": "sha512-VfKZE9L2HNaZVBR7l5yHbRmap3EiVw9F5iVXRRDdgfnA9vQ1yFanrs0VYmdo2VIXC+EsI9wPPYZY9Ic7/qDBdw=="
    },
    "@vittominacori/erc20-token": {
      "version": "1.2.3",
      "resolved": "https://registry.npmjs.org/@vittominacori/erc20-token/-/erc20-token-1.2.3.tgz",
      "integrity": "sha512-mTrc8t9tRae46MhP478KdHCNyOkoLbjd+XJXCVNoQoElsw62Q9LKNyXLIQLXvQoEZH3Ck1Fkl3SeYV9DXsmIWA==",
      "requires": {
        "@openzeppelin/contracts": "3.2.1-solc-0.7",
        "erc-payable-token": "3.2.1",
        "eth-token-recover": "3.2.1"
      }
    },
    "erc-payable-token": {
      "version": "3.2.1",
      "resolved": "https://registry.npmjs.org/erc-payable-token/-/erc-payable-token-3.2.1.tgz",
      "integrity": "sha512-UYvSzfGkXL5V/sUHj/TI47EDGe1jAVfDGeBYGdki5unT1c4iLd6Kju/BB0KUyXjwXE6cuodcCsL1PuEEu1R9/A==",
      "requires": {
        "@openzeppelin/contracts": "3.2.1-solc-0.7"
      }
    },
    "eth-token-recover": {
      "version": "3.2.1",
      "resolved": "https://registry.npmjs.org/eth-token-recover/-/eth-token-recover-3.2.1.tgz",
      "integrity": "sha512-ZfYs9F/sIaGNQJCHi8K88ciXbL5XOp5uiuZOQGp30CQ49mFu/z14qc033vN09iMk/MqdhiAScoVdQMLqaoQSvQ==",
      "requires": {
        "@openzeppelin/contracts": "3.2.1-solc-0.7"
      }
    }
  }
}
